// !$*UTF8*$!
{
	archiveVersion = 1;
	classes = {
	};
	objectVersion = 56;
	objects = {

/* Begin PBXBuildFile section */
		A9252E772904D29800DEB881 /* AccountPage.swift in Sources */ = {isa = PBXBuildFile; fileRef = A9252E762904D29800DEB881 /* AccountPage.swift */; };
		A9252E792904EA2000DEB881 /* ArchivedPost.swift in Sources */ = {isa = PBXBuildFile; fileRef = A9252E782904EA2000DEB881 /* ArchivedPost.swift */; };
		A9252E7B2904F8E300DEB881 /* CardView.swift in Sources */ = {isa = PBXBuildFile; fileRef = A9252E7A2904F8E300DEB881 /* CardView.swift */; };
		A9252E7D2905212100DEB881 /* AddChallenge.swift in Sources */ = {isa = PBXBuildFile; fileRef = A9252E7C2905212100DEB881 /* AddChallenge.swift */; };
		F8063EF62904C8700088C5B9 /* ImagePicker.swift in Sources */ = {isa = PBXBuildFile; fileRef = F8063EF52904C8700088C5B9 /* ImagePicker.swift */; };
		F82A0E10290500370009B354 /* GoogleService-Info.plist in Resources */ = {isa = PBXBuildFile; fileRef = F82A0E0F290500370009B354 /* GoogleService-Info.plist */; };
		F8493D2F2903B94300666619 /* LeapApp.swift in Sources */ = {isa = PBXBuildFile; fileRef = F8493D2E2903B94300666619 /* LeapApp.swift */; };
		F8493D312903B94300666619 /* ContentView.swift in Sources */ = {isa = PBXBuildFile; fileRef = F8493D302903B94300666619 /* ContentView.swift */; };
		F8493D332903B94300666619 /* Assets.xcassets in Resources */ = {isa = PBXBuildFile; fileRef = F8493D322903B94300666619 /* Assets.xcassets */; };
		F8493D362903B94300666619 /* Preview Assets.xcassets in Resources */ = {isa = PBXBuildFile; fileRef = F8493D352903B94300666619 /* Preview Assets.xcassets */; };
		F880C30C2905193600107B55 /* PersonModel.xcdatamodeld in Sources */ = {isa = PBXBuildFile; fileRef = F880C3092905193600107B55 /* PersonModel.xcdatamodeld */; };
		F880C30D2905193600107B55 /* DataController.swift in Sources */ = {isa = PBXBuildFile; fileRef = F880C30B2905193600107B55 /* DataController.swift */; };
		F8DAFCE92904432F008A6691 /* RegisterPage.swift in Sources */ = {isa = PBXBuildFile; fileRef = F8DAFCE82904432F008A6691 /* RegisterPage.swift */; };
		F8DAFCED290448D9008A6691 /* ToggleCheckboxStyle.swift in Sources */ = {isa = PBXBuildFile; fileRef = F8DAFCEC290448D9008A6691 /* ToggleCheckboxStyle.swift */; };
		F8DAFCEF29047099008A6691 /* Categories.swift in Sources */ = {isa = PBXBuildFile; fileRef = F8DAFCEE29047099008A6691 /* Categories.swift */; };
		F8DAFCF3290474A6008A6691 /* CategoryOption.swift in Sources */ = {isa = PBXBuildFile; fileRef = F8DAFCF2290474A6008A6691 /* CategoryOption.swift */; };
		F8DAFCF52904B06A008A6691 /* Days.swift in Sources */ = {isa = PBXBuildFile; fileRef = F8DAFCF42904B06A008A6691 /* Days.swift */; };
		F8DAFCF72904BA00008A6691 /* DashboardPage.swift in Sources */ = {isa = PBXBuildFile; fileRef = F8DAFCF62904BA00008A6691 /* DashboardPage.swift */; };
		F8FFF37F2903D0D300380C9E /* LoginPage.swift in Sources */ = {isa = PBXBuildFile; fileRef = F8FFF37E2903D0D300380C9E /* LoginPage.swift */; };
/* End PBXBuildFile section */

/* Begin PBXFileReference section */
		A9252E762904D29800DEB881 /* AccountPage.swift */ = {isa = PBXFileReference; lastKnownFileType = sourcecode.swift; path = AccountPage.swift; sourceTree = "<group>"; };
		A9252E782904EA2000DEB881 /* ArchivedPost.swift */ = {isa = PBXFileReference; lastKnownFileType = sourcecode.swift; path = ArchivedPost.swift; sourceTree = "<group>"; };
		A9252E7A2904F8E300DEB881 /* CardView.swift */ = {isa = PBXFileReference; lastKnownFileType = sourcecode.swift; path = CardView.swift; sourceTree = "<group>"; };
		A9252E7C2905212100DEB881 /* AddChallenge.swift */ = {isa = PBXFileReference; lastKnownFileType = sourcecode.swift; path = AddChallenge.swift; sourceTree = "<group>"; };
		F8063EF52904C8700088C5B9 /* ImagePicker.swift */ = {isa = PBXFileReference; lastKnownFileType = sourcecode.swift; path = ImagePicker.swift; sourceTree = "<group>"; };
		F82A0E0F290500370009B354 /* GoogleService-Info.plist */ = {isa = PBXFileReference; fileEncoding = 4; lastKnownFileType = text.plist.xml; name = "GoogleService-Info.plist"; path = "../../../Downloads/GoogleService-Info.plist"; sourceTree = "<group>"; };
		F8493D2B2903B94300666619 /* Leap.app */ = {isa = PBXFileReference; explicitFileType = wrapper.application; includeInIndex = 0; path = Leap.app; sourceTree = BUILT_PRODUCTS_DIR; };
		F8493D2E2903B94300666619 /* LeapApp.swift */ = {isa = PBXFileReference; lastKnownFileType = sourcecode.swift; path = LeapApp.swift; sourceTree = "<group>"; };
		F8493D302903B94300666619 /* ContentView.swift */ = {isa = PBXFileReference; lastKnownFileType = sourcecode.swift; path = ContentView.swift; sourceTree = "<group>"; };
		F8493D322903B94300666619 /* Assets.xcassets */ = {isa = PBXFileReference; lastKnownFileType = folder.assetcatalog; path = Assets.xcassets; sourceTree = "<group>"; };
		F8493D352903B94300666619 /* Preview Assets.xcassets */ = {isa = PBXFileReference; lastKnownFileType = folder.assetcatalog; path = "Preview Assets.xcassets"; sourceTree = "<group>"; };
		F880C30A2905193600107B55 /* PersonModel.xcdatamodel */ = {isa = PBXFileReference; lastKnownFileType = wrapper.xcdatamodel; path = PersonModel.xcdatamodel; sourceTree = "<group>"; };
		F880C30B2905193600107B55 /* DataController.swift */ = {isa = PBXFileReference; fileEncoding = 4; lastKnownFileType = sourcecode.swift; path = DataController.swift; sourceTree = "<group>"; };
		F8DAFCE82904432F008A6691 /* RegisterPage.swift */ = {isa = PBXFileReference; lastKnownFileType = sourcecode.swift; path = RegisterPage.swift; sourceTree = "<group>"; };
		F8DAFCEC290448D9008A6691 /* ToggleCheckboxStyle.swift */ = {isa = PBXFileReference; lastKnownFileType = sourcecode.swift; path = ToggleCheckboxStyle.swift; sourceTree = "<group>"; };
		F8DAFCEE29047099008A6691 /* Categories.swift */ = {isa = PBXFileReference; lastKnownFileType = sourcecode.swift; path = Categories.swift; sourceTree = "<group>"; };
		F8DAFCF2290474A6008A6691 /* CategoryOption.swift */ = {isa = PBXFileReference; lastKnownFileType = sourcecode.swift; path = CategoryOption.swift; sourceTree = "<group>"; };
		F8DAFCF42904B06A008A6691 /* Days.swift */ = {isa = PBXFileReference; lastKnownFileType = sourcecode.swift; path = Days.swift; sourceTree = "<group>"; };
		F8DAFCF62904BA00008A6691 /* DashboardPage.swift */ = {isa = PBXFileReference; fileEncoding = 4; lastKnownFileType = sourcecode.swift; path = DashboardPage.swift; sourceTree = "<group>"; };
		F8FFF37E2903D0D300380C9E /* LoginPage.swift */ = {isa = PBXFileReference; lastKnownFileType = sourcecode.swift; path = LoginPage.swift; sourceTree = "<group>"; };
/* End PBXFileReference section */

/* Begin PBXFrameworksBuildPhase section */
		F8493D282903B94300666619 /* Frameworks */ = {
			isa = PBXFrameworksBuildPhase;
			buildActionMask = 2147483647;
			files = (
			);
			runOnlyForDeploymentPostprocessing = 0;
		};
/* End PBXFrameworksBuildPhase section */

/* Begin PBXGroup section */
		F8493D222903B94300666619 = {
			isa = PBXGroup;
			children = (
				F8493D2D2903B94300666619 /* Leap */,
				F8493D2C2903B94300666619 /* Products */,
			);
			sourceTree = "<group>";
		};
		F8493D2C2903B94300666619 /* Products */ = {
			isa = PBXGroup;
			children = (
				F8493D2B2903B94300666619 /* Leap.app */,
			);
			name = Products;
			sourceTree = "<group>";
		};
		F8493D2D2903B94300666619 /* Leap */ = {
			isa = PBXGroup;
			children = (
				F8493D302903B94300666619 /* ContentView.swift */,
				F8493D2E2903B94300666619 /* LeapApp.swift */,
				F82A0E0F290500370009B354 /* GoogleService-Info.plist */,
				F8493D462903BE2A00666619 /* Helpers */,
				F8493D452903BE1F00666619 /* Views */,
				F880C3082905193600107B55 /* DataModel */,
				F8493D322903B94300666619 /* Assets.xcassets */,
				F8493D342903B94300666619 /* Preview Content */,
			);
			path = Leap;
			sourceTree = "<group>";
		};
		F8493D342903B94300666619 /* Preview Content */ = {
			isa = PBXGroup;
			children = (
				F8493D352903B94300666619 /* Preview Assets.xcassets */,
			);
			path = "Preview Content";
			sourceTree = "<group>";
		};
		F8493D452903BE1F00666619 /* Views */ = {
			isa = PBXGroup;
			children = (
				F8FFF37E2903D0D300380C9E /* LoginPage.swift */,
				F8DAFCE82904432F008A6691 /* RegisterPage.swift */,
				F8DAFCF62904BA00008A6691 /* DashboardPage.swift */,
				A9252E762904D29800DEB881 /* AccountPage.swift */,
				A9252E7C2905212100DEB881 /* AddChallenge.swift */,
			);
			path = Views;
			sourceTree = "<group>";
		};
		F8493D462903BE2A00666619 /* Helpers */ = {
			isa = PBXGroup;
			children = (
				F8DAFCEC290448D9008A6691 /* ToggleCheckboxStyle.swift */,
				F8DAFCEE29047099008A6691 /* Categories.swift */,
				F8DAFCF2290474A6008A6691 /* CategoryOption.swift */,
				F8DAFCF42904B06A008A6691 /* Days.swift */,
				F8063EF52904C8700088C5B9 /* ImagePicker.swift */,
				A9252E782904EA2000DEB881 /* ArchivedPost.swift */,
				A9252E7A2904F8E300DEB881 /* CardView.swift */,
			);
			path = Helpers;
			sourceTree = "<group>";
		};
		F880C3082905193600107B55 /* DataModel */ = {
			isa = PBXGroup;
			children = (
				F880C3092905193600107B55 /* PersonModel.xcdatamodeld */,
				F880C30B2905193600107B55 /* DataController.swift */,
			);
			path = DataModel;
			sourceTree = "<group>";
		};
/* End PBXGroup section */

/* Begin PBXNativeTarget section */
		F8493D2A2903B94300666619 /* Leap */ = {
			isa = PBXNativeTarget;
			buildConfigurationList = F8493D392903B94300666619 /* Build configuration list for PBXNativeTarget "Leap" */;
			buildPhases = (
				F8493D272903B94300666619 /* Sources */,
				F8493D282903B94300666619 /* Frameworks */,
				F8493D292903B94300666619 /* Resources */,
			);
			buildRules = (
			);
			dependencies = (
			);
			name = Leap;
			productName = Leap;
			productReference = F8493D2B2903B94300666619 /* Leap.app */;
			productType = "com.apple.product-type.application";
		};
/* End PBXNativeTarget section */

/* Begin PBXProject section */
		F8493D232903B94300666619 /* Project object */ = {
			isa = PBXProject;
			attributes = {
				BuildIndependentTargetsInParallel = 1;
				LastSwiftUpdateCheck = 1400;
				LastUpgradeCheck = 1400;
				TargetAttributes = {
					F8493D2A2903B94300666619 = {
						CreatedOnToolsVersion = 14.0.1;
					};
				};
			};
			buildConfigurationList = F8493D262903B94300666619 /* Build configuration list for PBXProject "Leap" */;
			compatibilityVersion = "Xcode 14.0";
			developmentRegion = en;
			hasScannedForEncodings = 0;
			knownRegions = (
				en,
				Base,
			);
			mainGroup = F8493D222903B94300666619;
			productRefGroup = F8493D2C2903B94300666619 /* Products */;
			projectDirPath = "";
			projectRoot = "";
			targets = (
				F8493D2A2903B94300666619 /* Leap */,
			);
		};
/* End PBXProject section */

/* Begin PBXResourcesBuildPhase section */
		F8493D292903B94300666619 /* Resources */ = {
			isa = PBXResourcesBuildPhase;
			buildActionMask = 2147483647;
			files = (
				F8493D362903B94300666619 /* Preview Assets.xcassets in Resources */,
				F8493D332903B94300666619 /* Assets.xcassets in Resources */,
				F82A0E10290500370009B354 /* GoogleService-Info.plist in Resources */,
			);
			runOnlyForDeploymentPostprocessing = 0;
		};
/* End PBXResourcesBuildPhase section */

/* Begin PBXSourcesBuildPhase section */
		F8493D272903B94300666619 /* Sources */ = {
			isa = PBXSourcesBuildPhase;
			buildActionMask = 2147483647;
			files = (
				F8DAFCE92904432F008A6691 /* RegisterPage.swift in Sources */,
				F880C30D2905193600107B55 /* DataController.swift in Sources */,
				F8DAFCEF29047099008A6691 /* Categories.swift in Sources */,
				F880C30C2905193600107B55 /* PersonModel.xcdatamodeld in Sources */,
				F8DAFCF72904BA00008A6691 /* DashboardPage.swift in Sources */,
				A9252E7B2904F8E300DEB881 /* CardView.swift in Sources */,
				F8DAFCED290448D9008A6691 /* ToggleCheckboxStyle.swift in Sources */,
				F8FFF37F2903D0D300380C9E /* LoginPage.swift in Sources */,
				F8493D312903B94300666619 /* ContentView.swift in Sources */,
				A9252E7D2905212100DEB881 /* AddChallenge.swift in Sources */,
				F8DAFCF3290474A6008A6691 /* CategoryOption.swift in Sources */,
				F8063EF62904C8700088C5B9 /* ImagePicker.swift in Sources */,
				F8DAFCF52904B06A008A6691 /* Days.swift in Sources */,
				A9252E792904EA2000DEB881 /* ArchivedPost.swift in Sources */,
				F8493D2F2903B94300666619 /* LeapApp.swift in Sources */,
				A9252E772904D29800DEB881 /* AccountPage.swift in Sources */,
			);
			runOnlyForDeploymentPostprocessing = 0;
		};
/* End PBXSourcesBuildPhase section */

/* Begin XCBuildConfiguration section */
		F8493D372903B94300666619 /* Debug */ = {
			isa = XCBuildConfiguration;
			buildSettings = {
				ALWAYS_SEARCH_USER_PATHS = NO;
				CLANG_ANALYZER_NONNULL = YES;
				CLANG_ANALYZER_NUMBER_OBJECT_CONVERSION = YES_AGGRESSIVE;
				CLANG_CXX_LANGUAGE_STANDARD = "gnu++20";
				CLANG_ENABLE_MODULES = YES;
				CLANG_ENABLE_OBJC_ARC = YES;
				CLANG_ENABLE_OBJC_WEAK = YES;
				CLANG_WARN_BLOCK_CAPTURE_AUTORELEASING = YES;
				CLANG_WARN_BOOL_CONVERSION = YES;
				CLANG_WARN_COMMA = YES;
				CLANG_WARN_CONSTANT_CONVERSION = YES;
				CLANG_WARN_DEPRECATED_OBJC_IMPLEMENTATIONS = YES;
				CLANG_WARN_DIRECT_OBJC_ISA_USAGE = YES_ERROR;
				CLANG_WARN_DOCUMENTATION_COMMENTS = YES;
				CLANG_WARN_EMPTY_BODY = YES;
				CLANG_WARN_ENUM_CONVERSION = YES;
				CLANG_WARN_INFINITE_RECURSION = YES;
				CLANG_WARN_INT_CONVERSION = YES;
				CLANG_WARN_NON_LITERAL_NULL_CONVERSION = YES;
				CLANG_WARN_OBJC_IMPLICIT_RETAIN_SELF = YES;
				CLANG_WARN_OBJC_LITERAL_CONVERSION = YES;
				CLANG_WARN_OBJC_ROOT_CLASS = YES_ERROR;
				CLANG_WARN_QUOTED_INCLUDE_IN_FRAMEWORK_HEADER = YES;
				CLANG_WARN_RANGE_LOOP_ANALYSIS = YES;
				CLANG_WARN_STRICT_PROTOTYPES = YES;
				CLANG_WARN_SUSPICIOUS_MOVE = YES;
				CLANG_WARN_UNGUARDED_AVAILABILITY = YES_AGGRESSIVE;
				CLANG_WARN_UNREACHABLE_CODE = YES;
				CLANG_WARN__DUPLICATE_METHOD_MATCH = YES;
				COPY_PHASE_STRIP = NO;
				DEBUG_INFORMATION_FORMAT = dwarf;
				ENABLE_STRICT_OBJC_MSGSEND = YES;
				ENABLE_TESTABILITY = YES;
				GCC_C_LANGUAGE_STANDARD = gnu11;
				GCC_DYNAMIC_NO_PIC = NO;
				GCC_NO_COMMON_BLOCKS = YES;
				GCC_OPTIMIZATION_LEVEL = 0;
				GCC_PREPROCESSOR_DEFINITIONS = (
					"DEBUG=1",
					"$(inherited)",
				);
				GCC_WARN_64_TO_32_BIT_CONVERSION = YES;
				GCC_WARN_ABOUT_RETURN_TYPE = YES_ERROR;
				GCC_WARN_UNDECLARED_SELECTOR = YES;
				GCC_WARN_UNINITIALIZED_AUTOS = YES_AGGRESSIVE;
				GCC_WARN_UNUSED_FUNCTION = YES;
				GCC_WARN_UNUSED_VARIABLE = YES;
				IPHONEOS_DEPLOYMENT_TARGET = 16.0;
				MTL_ENABLE_DEBUG_INFO = INCLUDE_SOURCE;
				MTL_FAST_MATH = YES;
				ONLY_ACTIVE_ARCH = YES;
				SDKROOT = iphoneos;
				SWIFT_ACTIVE_COMPILATION_CONDITIONS = DEBUG;
				SWIFT_OPTIMIZATION_LEVEL = "-Onone";
			};
			name = Debug;
		};
		F8493D382903B94300666619 /* Release */ = {
			isa = XCBuildConfiguration;
			buildSettings = {
				ALWAYS_SEARCH_USER_PATHS = NO;
				CLANG_ANALYZER_NONNULL = YES;
				CLANG_ANALYZER_NUMBER_OBJECT_CONVERSION = YES_AGGRESSIVE;
				CLANG_CXX_LANGUAGE_STANDARD = "gnu++20";
				CLANG_ENABLE_MODULES = YES;
				CLANG_ENABLE_OBJC_ARC = YES;
				CLANG_ENABLE_OBJC_WEAK = YES;
				CLANG_WARN_BLOCK_CAPTURE_AUTORELEASING = YES;
				CLANG_WARN_BOOL_CONVERSION = YES;
				CLANG_WARN_COMMA = YES;
				CLANG_WARN_CONSTANT_CONVERSION = YES;
				CLANG_WARN_DEPRECATED_OBJC_IMPLEMENTATIONS = YES;
				CLANG_WARN_DIRECT_OBJC_ISA_USAGE = YES_ERROR;
				CLANG_WARN_DOCUMENTATION_COMMENTS = YES;
				CLANG_WARN_EMPTY_BODY = YES;
				CLANG_WARN_ENUM_CONVERSION = YES;
				CLANG_WARN_INFINITE_RECURSION = YES;
				CLANG_WARN_INT_CONVERSION = YES;
				CLANG_WARN_NON_LITERAL_NULL_CONVERSION = YES;
				CLANG_WARN_OBJC_IMPLICIT_RETAIN_SELF = YES;
				CLANG_WARN_OBJC_LITERAL_CONVERSION = YES;
				CLANG_WARN_OBJC_ROOT_CLASS = YES_ERROR;
				CLANG_WARN_QUOTED_INCLUDE_IN_FRAMEWORK_HEADER = YES;
				CLANG_WARN_RANGE_LOOP_ANALYSIS = YES;
				CLANG_WARN_STRICT_PROTOTYPES = YES;
				CLANG_WARN_SUSPICIOUS_MOVE = YES;
				CLANG_WARN_UNGUARDED_AVAILABILITY = YES_AGGRESSIVE;
				CLANG_WARN_UNREACHABLE_CODE = YES;
				CLANG_WARN__DUPLICATE_METHOD_MATCH = YES;
				COPY_PHASE_STRIP = NO;
				DEBUG_INFORMATION_FORMAT = "dwarf-with-dsym";
				ENABLE_NS_ASSERTIONS = NO;
				ENABLE_STRICT_OBJC_MSGSEND = YES;
				GCC_C_LANGUAGE_STANDARD = gnu11;
				GCC_NO_COMMON_BLOCKS = YES;
				GCC_WARN_64_TO_32_BIT_CONVERSION = YES;
				GCC_WARN_ABOUT_RETURN_TYPE = YES_ERROR;
				GCC_WARN_UNDECLARED_SELECTOR = YES;
				GCC_WARN_UNINITIALIZED_AUTOS = YES_AGGRESSIVE;
				GCC_WARN_UNUSED_FUNCTION = YES;
				GCC_WARN_UNUSED_VARIABLE = YES;
				IPHONEOS_DEPLOYMENT_TARGET = 16.0;
				MTL_ENABLE_DEBUG_INFO = NO;
				MTL_FAST_MATH = YES;
				SDKROOT = iphoneos;
				SWIFT_COMPILATION_MODE = wholemodule;
				SWIFT_OPTIMIZATION_LEVEL = "-O";
				VALIDATE_PRODUCT = YES;
			};
			name = Release;
		};
		F8493D3A2903B94300666619 /* Debug */ = {
			isa = XCBuildConfiguration;
			buildSettings = {
				ASSETCATALOG_COMPILER_APPICON_NAME = AppIcon;
				ASSETCATALOG_COMPILER_GLOBAL_ACCENT_COLOR_NAME = AccentColor;
				CODE_SIGN_STYLE = Automatic;
				CURRENT_PROJECT_VERSION = 1;
				DEVELOPMENT_ASSET_PATHS = "\"Leap/Preview Content\"";
				DEVELOPMENT_TEAM = GCJNV2WCQ8;
				ENABLE_PREVIEWS = YES;
				GENERATE_INFOPLIST_FILE = YES;
				INFOPLIST_KEY_UIApplicationSceneManifest_Generation = YES;
				INFOPLIST_KEY_UIApplicationSupportsIndirectInputEvents = YES;
				INFOPLIST_KEY_UILaunchScreen_Generation = YES;
				INFOPLIST_KEY_UISupportedInterfaceOrientations_iPad = "UIInterfaceOrientationPortrait UIInterfaceOrientationPortraitUpsideDown UIInterfaceOrientationLandscapeLeft UIInterfaceOrientationLandscapeRight";
				INFOPLIST_KEY_UISupportedInterfaceOrientations_iPhone = "UIInterfaceOrientationPortrait UIInterfaceOrientationLandscapeLeft UIInterfaceOrientationLandscapeRight";
				LD_RUNPATH_SEARCH_PATHS = (
					"$(inherited)",
					"@executable_path/Frameworks",
				);
				MARKETING_VERSION = 1.0;
				PRODUCT_BUNDLE_IDENTIFIER = com.thomaschin.Leap;
				PRODUCT_NAME = "$(TARGET_NAME)";
				SWIFT_EMIT_LOC_STRINGS = YES;
				SWIFT_VERSION = 5.0;
				TARGETED_DEVICE_FAMILY = "1,2";
			};
			name = Debug;
		};
		F8493D3B2903B94300666619 /* Release */ = {
			isa = XCBuildConfiguration;
			buildSettings = {
				ASSETCATALOG_COMPILER_APPICON_NAME = AppIcon;
				ASSETCATALOG_COMPILER_GLOBAL_ACCENT_COLOR_NAME = AccentColor;
				CODE_SIGN_STYLE = Automatic;
				CURRENT_PROJECT_VERSION = 1;
				DEVELOPMENT_ASSET_PATHS = "\"Leap/Preview Content\"";
				DEVELOPMENT_TEAM = GCJNV2WCQ8;
				ENABLE_PREVIEWS = YES;
				GENERATE_INFOPLIST_FILE = YES;
				INFOPLIST_KEY_UIApplicationSceneManifest_Generation = YES;
				INFOPLIST_KEY_UIApplicationSupportsIndirectInputEvents = YES;
				INFOPLIST_KEY_UILaunchScreen_Generation = YES;
				INFOPLIST_KEY_UISupportedInterfaceOrientations_iPad = "UIInterfaceOrientationPortrait UIInterfaceOrientationPortraitUpsideDown UIInterfaceOrientationLandscapeLeft UIInterfaceOrientationLandscapeRight";
				INFOPLIST_KEY_UISupportedInterfaceOrientations_iPhone = "UIInterfaceOrientationPortrait UIInterfaceOrientationLandscapeLeft UIInterfaceOrientationLandscapeRight";
				LD_RUNPATH_SEARCH_PATHS = (
					"$(inherited)",
					"@executable_path/Frameworks",
				);
				MARKETING_VERSION = 1.0;
				PRODUCT_BUNDLE_IDENTIFIER = com.thomaschin.Leap;
				PRODUCT_NAME = "$(TARGET_NAME)";
				SWIFT_EMIT_LOC_STRINGS = YES;
				SWIFT_VERSION = 5.0;
				TARGETED_DEVICE_FAMILY = "1,2";
			};
			name = Release;
		};
/* End XCBuildConfiguration section */

/* Begin XCConfigurationList section */
		F8493D262903B94300666619 /* Build configuration list for PBXProject "Leap" */ = {
			isa = XCConfigurationList;
			buildConfigurations = (
				F8493D372903B94300666619 /* Debug */,
				F8493D382903B94300666619 /* Release */,
			);
			defaultConfigurationIsVisible = 0;
			defaultConfigurationName = Release;
		};
		F8493D392903B94300666619 /* Build configuration list for PBXNativeTarget "Leap" */ = {
			isa = XCConfigurationList;
			buildConfigurations = (
				F8493D3A2903B94300666619 /* Debug */,
				F8493D3B2903B94300666619 /* Release */,
			);
			defaultConfigurationIsVisible = 0;
			defaultConfigurationName = Release;
		};
/* End XCConfigurationList section */

/* Begin XCVersionGroup section */
		F880C3092905193600107B55 /* PersonModel.xcdatamodeld */ = {
			isa = XCVersionGroup;
			children = (
				F880C30A2905193600107B55 /* PersonModel.xcdatamodel */,
			);
			currentVersion = F880C30A2905193600107B55 /* PersonModel.xcdatamodel */;
			path = PersonModel.xcdatamodeld;
			sourceTree = "<group>";
			versionGroupType = wrapper.xcdatamodel;
		};
/* End XCVersionGroup section */
	};
	rootObject = F8493D232903B94300666619 /* Project object */;
}
